
Microsoft Visual Studio Solution File, Format Version 12.00
# Visual Studio Version 17
VisualStudioVersion = 17.2.32616.157
MinimumVisualStudioVersion = 10.0.40219.1
Project("{FAE04EC0-301F-11D3-BF4B-00C04F79EFBC}") = "SnakesAndLadders.Models", "SnakesAndLadders.Models\SnakesAndLadders.Models.csproj", "{CB288484-2E0D-4354-B9C3-CDBE91A2080F}"
EndProject
Project("{FAE04EC0-301F-11D3-BF4B-00C04F79EFBC}") = "SnakesAndLadders.MoveLibrary.Contracts", "SnakesAndLadders.MoveLibrary.Contracts\SnakesAndLadders.MoveLibrary.Contracts.csproj", "{97B6735B-38C6-4BBD-A9E4-A41178B819B3}"
EndProject
Project("{FAE04EC0-301F-11D3-BF4B-00C04F79EFBC}") = "SnakesAndLadders.MoveTokenTest", "SnakesAndLadders.MoveTokenTest\SnakesAndLadders.MoveTokenTest.csproj", "{F6C6DE75-F2A7-4EAC-8C86-54125870AC76}"
EndProject
Project("{FAE04EC0-301F-11D3-BF4B-00C04F79EFBC}") = "SnakesAndLadders.MoveLibrary.Impl", "SnakesAndLadders.MoveLibrary.Impl\SnakesAndLadders.MoveLibrary.Impl.csproj", "{196753E3-DB50-454D-B3CB-AB90D5C42B7E}"
EndProject
Project("{FAE04EC0-301F-11D3-BF4B-00C04F79EFBC}") = "SnakesAndLadders.Setup", "SnakesAndLadders.Setup\SnakesAndLadders.Setup.csproj", "{DB9EFA2C-2E8E-403B-B9DA-1EA691804DA4}"
EndProject
Global
	GlobalSection(SolutionConfigurationPlatforms) = preSolution
		Debug|Any CPU = Debug|Any CPU
		Release|Any CPU = Release|Any CPU
	EndGlobalSection
	GlobalSection(ProjectConfigurationPlatforms) = postSolution
		{CB288484-2E0D-4354-B9C3-CDBE91A2080F}.Debug|Any CPU.ActiveCfg = Debug|Any CPU
		{CB288484-2E0D-4354-B9C3-CDBE91A2080F}.Debug|Any CPU.Build.0 = Debug|Any CPU
		{CB288484-2E0D-4354-B9C3-CDBE91A2080F}.Release|Any CPU.ActiveCfg = Release|Any CPU
		{CB288484-2E0D-4354-B9C3-CDBE91A2080F}.Release|Any CPU.Build.0 = Release|Any CPU
		{97B6735B-38C6-4BBD-A9E4-A41178B819B3}.Debug|Any CPU.ActiveCfg = Debug|Any CPU
		{97B6735B-38C6-4BBD-A9E4-A41178B819B3}.Debug|Any CPU.Build.0 = Debug|Any CPU
		{97B6735B-38C6-4BBD-A9E4-A41178B819B3}.Release|Any CPU.ActiveCfg = Release|Any CPU
		{97B6735B-38C6-4BBD-A9E4-A41178B819B3}.Release|Any CPU.Build.0 = Release|Any CPU
		{F6C6DE75-F2A7-4EAC-8C86-54125870AC76}.Debug|Any CPU.ActiveCfg = Debug|Any CPU
		{F6C6DE75-F2A7-4EAC-8C86-54125870AC76}.Debug|Any CPU.Build.0 = Debug|Any CPU
		{F6C6DE75-F2A7-4EAC-8C86-54125870AC76}.Release|Any CPU.ActiveCfg = Release|Any CPU
		{F6C6DE75-F2A7-4EAC-8C86-54125870AC76}.Release|Any CPU.Build.0 = Release|Any CPU
		{196753E3-DB50-454D-B3CB-AB90D5C42B7E}.Debug|Any CPU.ActiveCfg = Debug|Any CPU
		{196753E3-DB50-454D-B3CB-AB90D5C42B7E}.Debug|Any CPU.Build.0 = Debug|Any CPU
		{196753E3-DB50-454D-B3CB-AB90D5C42B7E}.Release|Any CPU.ActiveCfg = Release|Any CPU
		{196753E3-DB50-454D-B3CB-AB90D5C42B7E}.Release|Any CPU.Build.0 = Release|Any CPU
		{DB9EFA2C-2E8E-403B-B9DA-1EA691804DA4}.Debug|Any CPU.ActiveCfg = Debug|Any CPU
		{DB9EFA2C-2E8E-403B-B9DA-1EA691804DA4}.Debug|Any CPU.Build.0 = Debug|Any CPU
		{DB9EFA2C-2E8E-403B-B9DA-1EA691804DA4}.Release|Any CPU.ActiveCfg = Release|Any CPU
		{DB9EFA2C-2E8E-403B-B9DA-1EA691804DA4}.Release|Any CPU.Build.0 = Release|Any CPU
	EndGlobalSection
	GlobalSection(SolutionProperties) = preSolution
		HideSolutionNode = FALSE
	EndGlobalSection
	GlobalSection(ExtensibilityGlobals) = postSolution
		SolutionGuid = {4D0801C9-2EF7-4C31-AA54-3B12C59AAD8C}
	EndGlobalSection
EndGlobal
